
Microsoft Visual Studio Solution File, Format Version 12.00
# Visual Studio 15
VisualStudioVersion = 15.0.26730.12
MinimumVisualStudioVersion = 10.0.40219.1
Project("{8BC9CEB8-8B4A-11D0-8D11-00A0C91BC942}") = "ch", "ch\ch.vcxproj", "{9C21FC76-2D39-4118-A396-E7FF106FEA46}"
EndProject
Project("{8BC9CEB8-8B4A-11D0-8D11-00A0C91BC942}") = "work1", "work1\work1.vcxproj", "{7AE3ED0E-0675-4159-9F98-579B32E7FB42}"
EndProject
Project("{8BC9CEB8-8B4A-11D0-8D11-00A0C91BC942}") = "work2", "work2\work2.vcxproj", "{2E5070C9-1C29-4C6B-B81B-8D6C5C7EA58B}"
EndProject
Project("{8BC9CEB8-8B4A-11D0-8D11-00A0C91BC942}") = "work3", "work3\work3.vcxproj", "{D61ABB47-A35C-4287-8282-8CB20E8A081E}"
EndProject
Project("{8BC9CEB8-8B4A-11D0-8D11-00A0C91BC942}") = "work4", "work4\work4.vcxproj", "{19CE98A5-FAE3-480E-80D4-BAD6B8B8B7C6}"
EndProject
Project("{8BC9CEB8-8B4A-11D0-8D11-00A0C91BC942}") = "ch1", "ch1\ch1.vcxproj", "{02233888-49CB-462F-AE6D-44A1D9731DD7}"
EndProject
Project("{8BC9CEB8-8B4A-11D0-8D11-00A0C91BC942}") = "ch2", "ch2\ch2.vcxproj", "{637F206F-AD2D-4D1C-8FEB-E3B890C5CF16}"
EndProject
Project("{8BC9CEB8-8B4A-11D0-8D11-00A0C91BC942}") = "ch7", "ch7\ch7.vcxproj", "{6BDFC14C-7986-42EA-81B1-5C57824AD3FD}"
EndProject
Project("{8BC9CEB8-8B4A-11D0-8D11-00A0C91BC942}") = "ch8", "ch8\ch8.vcxproj", "{835FE702-F27F-4A78-87F6-2639CCD75ABF}"
EndProject
Project("{8BC9CEB8-8B4A-11D0-8D11-00A0C91BC942}") = "ch3", "ch3\ch3.vcxproj", "{2E4641F8-F944-4F67-948E-B6B6199566D6}"
EndProject
Project("{8BC9CEB8-8B4A-11D0-8D11-00A0C91BC942}") = "ch4", "ch4\ch4.vcxproj", "{35C52352-C072-4B5D-BDC0-517F585951D2}"
EndProject
Project("{8BC9CEB8-8B4A-11D0-8D11-00A0C91BC942}") = "ch5", "ch5\ch5.vcxproj", "{B62A2695-010C-4123-908B-7BBD6CA31BFA}"
EndProject
Project("{8BC9CEB8-8B4A-11D0-8D11-00A0C91BC942}") = "ch9", "ch9\ch9.vcxproj", "{4DDEA72C-B003-4F6E-B50C-6FE5EA90C8CB}"
EndProject
Project("{8BC9CEB8-8B4A-11D0-8D11-00A0C91BC942}") = "ch10", "ch10\ch10.vcxproj", "{1C966DEF-490A-4236-B127-47606868A8A9}"
EndProject
Global
	GlobalSection(SolutionConfigurationPlatforms) = preSolution
		Debug|x64 = Debug|x64
		Debug|x86 = Debug|x86
		Release|x64 = Release|x64
		Release|x86 = Release|x86
	EndGlobalSection
	GlobalSection(ProjectConfigurationPlatforms) = postSolution
		{9C21FC76-2D39-4118-A396-E7FF106FEA46}.Debug|x64.ActiveCfg = Debug|x64
		{9C21FC76-2D39-4118-A396-E7FF106FEA46}.Debug|x64.Build.0 = Debug|x64
		{9C21FC76-2D39-4118-A396-E7FF106FEA46}.Debug|x86.ActiveCfg = Debug|Win32
		{9C21FC76-2D39-4118-A396-E7FF106FEA46}.Debug|x86.Build.0 = Debug|Win32
		{9C21FC76-2D39-4118-A396-E7FF106FEA46}.Release|x64.ActiveCfg = Release|x64
		{9C21FC76-2D39-4118-A396-E7FF106FEA46}.Release|x64.Build.0 = Release|x64
		{9C21FC76-2D39-4118-A396-E7FF106FEA46}.Release|x86.ActiveCfg = Release|Win32
		{9C21FC76-2D39-4118-A396-E7FF106FEA46}.Release|x86.Build.0 = Release|Win32
		{7AE3ED0E-0675-4159-9F98-579B32E7FB42}.Debug|x64.ActiveCfg = Debug|x64
		{7AE3ED0E-0675-4159-9F98-579B32E7FB42}.Debug|x64.Build.0 = Debug|x64
		{7AE3ED0E-0675-4159-9F98-579B32E7FB42}.Debug|x86.ActiveCfg = Debug|Win32
		{7AE3ED0E-0675-4159-9F98-579B32E7FB42}.Debug|x86.Build.0 = Debug|Win32
		{7AE3ED0E-0675-4159-9F98-579B32E7FB42}.Release|x64.ActiveCfg = Release|x64
		{7AE3ED0E-0675-4159-9F98-579B32E7FB42}.Release|x64.Build.0 = Release|x64
		{7AE3ED0E-0675-4159-9F98-579B32E7FB42}.Release|x86.ActiveCfg = Release|Win32
		{7AE3ED0E-0675-4159-9F98-579B32E7FB42}.Release|x86.Build.0 = Release|Win32
		{2E5070C9-1C29-4C6B-B81B-8D6C5C7EA58B}.Debug|x64.ActiveCfg = Debug|x64
		{2E5070C9-1C29-4C6B-B81B-8D6C5C7EA58B}.Debug|x64.Build.0 = Debug|x64
		{2E5070C9-1C29-4C6B-B81B-8D6C5C7EA58B}.Debug|x86.ActiveCfg = Debug|Win32
		{2E5070C9-1C29-4C6B-B81B-8D6C5C7EA58B}.Debug|x86.Build.0 = Debug|Win32
		{2E5070C9-1C29-4C6B-B81B-8D6C5C7EA58B}.Release|x64.ActiveCfg = Release|x64
		{2E5070C9-1C29-4C6B-B81B-8D6C5C7EA58B}.Release|x64.Build.0 = Release|x64
		{2E5070C9-1C29-4C6B-B81B-8D6C5C7EA58B}.Release|x86.ActiveCfg = Release|Win32
		{2E5070C9-1C29-4C6B-B81B-8D6C5C7EA58B}.Release|x86.Build.0 = Release|Win32
		{D61ABB47-A35C-4287-8282-8CB20E8A081E}.Debug|x64.ActiveCfg = Debug|x64
		{D61ABB47-A35C-4287-8282-8CB20E8A081E}.Debug|x64.Build.0 = Debug|x64
		{D61ABB47-A35C-4287-8282-8CB20E8A081E}.Debug|x86.ActiveCfg = Debug|Win32
		{D61ABB47-A35C-4287-8282-8CB20E8A081E}.Debug|x86.Build.0 = Debug|Win32
		{D61ABB47-A35C-4287-8282-8CB20E8A081E}.Release|x64.ActiveCfg = Release|x64
		{D61ABB47-A35C-4287-8282-8CB20E8A081E}.Release|x64.Build.0 = Release|x64
		{D61ABB47-A35C-4287-8282-8CB20E8A081E}.Release|x86.ActiveCfg = Release|Win32
		{D61ABB47-A35C-4287-8282-8CB20E8A081E}.Release|x86.Build.0 = Release|Win32
		{19CE98A5-FAE3-480E-80D4-BAD6B8B8B7C6}.Debug|x64.ActiveCfg = Debug|x64
		{19CE98A5-FAE3-480E-80D4-BAD6B8B8B7C6}.Debug|x64.Build.0 = Debug|x64
		{19CE98A5-FAE3-480E-80D4-BAD6B8B8B7C6}.Debug|x86.ActiveCfg = Debug|Win32
		{19CE98A5-FAE3-480E-80D4-BAD6B8B8B7C6}.Debug|x86.Build.0 = Debug|Win32
		{19CE98A5-FAE3-480E-80D4-BAD6B8B8B7C6}.Release|x64.ActiveCfg = Release|x64
		{19CE98A5-FAE3-480E-80D4-BAD6B8B8B7C6}.Release|x64.Build.0 = Release|x64
		{19CE98A5-FAE3-480E-80D4-BAD6B8B8B7C6}.Release|x86.ActiveCfg = Release|Win32
		{19CE98A5-FAE3-480E-80D4-BAD6B8B8B7C6}.Release|x86.Build.0 = Release|Win32
		{02233888-49CB-462F-AE6D-44A1D9731DD7}.Debug|x64.ActiveCfg = Debug|x64
		{02233888-49CB-462F-AE6D-44A1D9731DD7}.Debug|x64.Build.0 = Debug|x64
		{02233888-49CB-462F-AE6D-44A1D9731DD7}.Debug|x86.ActiveCfg = Debug|Win32
		{02233888-49CB-462F-AE6D-44A1D9731DD7}.Debug|x86.Build.0 = Debug|Win32
		{02233888-49CB-462F-AE6D-44A1D9731DD7}.Release|x64.ActiveCfg = Release|x64
		{02233888-49CB-462F-AE6D-44A1D9731DD7}.Release|x64.Build.0 = Release|x64
		{02233888-49CB-462F-AE6D-44A1D9731DD7}.Release|x86.ActiveCfg = Release|Win32
		{02233888-49CB-462F-AE6D-44A1D9731DD7}.Release|x86.Build.0 = Release|Win32
		{637F206F-AD2D-4D1C-8FEB-E3B890C5CF16}.Debug|x64.ActiveCfg = Debug|x64
		{637F206F-AD2D-4D1C-8FEB-E3B890C5CF16}.Debug|x64.Build.0 = Debug|x64
		{637F206F-AD2D-4D1C-8FEB-E3B890C5CF16}.Debug|x86.ActiveCfg = Debug|Win32
		{637F206F-AD2D-4D1C-8FEB-E3B890C5CF16}.Debug|x86.Build.0 = Debug|Win32
		{637F206F-AD2D-4D1C-8FEB-E3B890C5CF16}.Release|x64.ActiveCfg = Release|x64
		{637F206F-AD2D-4D1C-8FEB-E3B890C5CF16}.Release|x64.Build.0 = Release|x64
		{637F206F-AD2D-4D1C-8FEB-E3B890C5CF16}.Release|x86.ActiveCfg = Release|Win32
		{637F206F-AD2D-4D1C-8FEB-E3B890C5CF16}.Release|x86.Build.0 = Release|Win32
		{6BDFC14C-7986-42EA-81B1-5C57824AD3FD}.Debug|x64.ActiveCfg = Debug|x64
		{6BDFC14C-7986-42EA-81B1-5C57824AD3FD}.Debug|x64.Build.0 = Debug|x64
		{6BDFC14C-7986-42EA-81B1-5C57824AD3FD}.Debug|x86.ActiveCfg = Debug|Win32
		{6BDFC14C-7986-42EA-81B1-5C57824AD3FD}.Debug|x86.Build.0 = Debug|Win32
		{6BDFC14C-7986-42EA-81B1-5C57824AD3FD}.Release|x64.ActiveCfg = Release|x64
		{6BDFC14C-7986-42EA-81B1-5C57824AD3FD}.Release|x64.Build.0 = Release|x64
		{6BDFC14C-7986-42EA-81B1-5C57824AD3FD}.Release|x86.ActiveCfg = Release|Win32
		{6BDFC14C-7986-42EA-81B1-5C57824AD3FD}.Release|x86.Build.0 = Release|Win32
		{835FE702-F27F-4A78-87F6-2639CCD75ABF}.Debug|x64.ActiveCfg = Debug|x64
		{835FE702-F27F-4A78-87F6-2639CCD75ABF}.Debug|x64.Build.0 = Debug|x64
		{835FE702-F27F-4A78-87F6-2639CCD75ABF}.Debug|x86.ActiveCfg = Debug|Win32
		{835FE702-F27F-4A78-87F6-2639CCD75ABF}.Debug|x86.Build.0 = Debug|Win32
		{835FE702-F27F-4A78-87F6-2639CCD75ABF}.Release|x64.ActiveCfg = Release|x64
		{835FE702-F27F-4A78-87F6-2639CCD75ABF}.Release|x64.Build.0 = Release|x64
		{835FE702-F27F-4A78-87F6-2639CCD75ABF}.Release|x86.ActiveCfg = Release|Win32
		{835FE702-F27F-4A78-87F6-2639CCD75ABF}.Release|x86.Build.0 = Release|Win32
		{2E4641F8-F944-4F67-948E-B6B6199566D6}.Debug|x64.ActiveCfg = Debug|x64
		{2E4641F8-F944-4F67-948E-B6B6199566D6}.Debug|x64.Build.0 = Debug|x64
		{2E4641F8-F944-4F67-948E-B6B6199566D6}.Debug|x86.ActiveCfg = Debug|Win32
		{2E4641F8-F944-4F67-948E-B6B6199566D6}.Debug|x86.Build.0 = Debug|Win32
		{2E4641F8-F944-4F67-948E-B6B6199566D6}.Release|x64.ActiveCfg = Release|x64
		{2E4641F8-F944-4F67-948E-B6B6199566D6}.Release|x64.Build.0 = Release|x64
		{2E4641F8-F944-4F67-948E-B6B6199566D6}.Release|x86.ActiveCfg = Release|Win32
		{2E4641F8-F944-4F67-948E-B6B6199566D6}.Release|x86.Build.0 = Release|Win32
		{35C52352-C072-4B5D-BDC0-517F585951D2}.Debug|x64.ActiveCfg = Debug|x64
		{35C52352-C072-4B5D-BDC0-517F585951D2}.Debug|x64.Build.0 = Debug|x64
		{35C52352-C072-4B5D-BDC0-517F585951D2}.Debug|x86.ActiveCfg = Debug|Win32
		{35C52352-C072-4B5D-BDC0-517F585951D2}.Debug|x86.Build.0 = Debug|Win32
		{35C52352-C072-4B5D-BDC0-517F585951D2}.Release|x64.ActiveCfg = Release|x64
		{35C52352-C072-4B5D-BDC0-517F585951D2}.Release|x64.Build.0 = Release|x64
		{35C52352-C072-4B5D-BDC0-517F585951D2}.Release|x86.ActiveCfg = Release|Win32
		{35C52352-C072-4B5D-BDC0-517F585951D2}.Release|x86.Build.0 = Release|Win32
		{B62A2695-010C-4123-908B-7BBD6CA31BFA}.Debug|x64.ActiveCfg = Debug|x64
		{B62A2695-010C-4123-908B-7BBD6CA31BFA}.Debug|x64.Build.0 = Debug|x64
		{B62A2695-010C-4123-908B-7BBD6CA31BFA}.Debug|x86.ActiveCfg = Debug|Win32
		{B62A2695-010C-4123-908B-7BBD6CA31BFA}.Debug|x86.Build.0 = Debug|Win32
		{B62A2695-010C-4123-908B-7BBD6CA31BFA}.Release|x64.ActiveCfg = Release|x64
		{B62A2695-010C-4123-908B-7BBD6CA31BFA}.Release|x64.Build.0 = Release|x64
		{B62A2695-010C-4123-908B-7BBD6CA31BFA}.Release|x86.ActiveCfg = Release|Win32
		{B62A2695-010C-4123-908B-7BBD6CA31BFA}.Release|x86.Build.0 = Release|Win32
		{4DDEA72C-B003-4F6E-B50C-6FE5EA90C8CB}.Debug|x64.ActiveCfg = Debug|x64
		{4DDEA72C-B003-4F6E-B50C-6FE5EA90C8CB}.Debug|x64.Build.0 = Debug|x64
		{4DDEA72C-B003-4F6E-B50C-6FE5EA90C8CB}.Debug|x86.ActiveCfg = Debug|Win32
		{4DDEA72C-B003-4F6E-B50C-6FE5EA90C8CB}.Debug|x86.Build.0 = Debug|Win32
		{4DDEA72C-B003-4F6E-B50C-6FE5EA90C8CB}.Release|x64.ActiveCfg = Release|x64
		{4DDEA72C-B003-4F6E-B50C-6FE5EA90C8CB}.Release|x64.Build.0 = Release|x64
		{4DDEA72C-B003-4F6E-B50C-6FE5EA90C8CB}.Release|x86.ActiveCfg = Release|Win32
		{4DDEA72C-B003-4F6E-B50C-6FE5EA90C8CB}.Release|x86.Build.0 = Release|Win32
		{1C966DEF-490A-4236-B127-47606868A8A9}.Debug|x64.ActiveCfg = Debug|x64
		{1C966DEF-490A-4236-B127-47606868A8A9}.Debug|x64.Build.0 = Debug|x64
		{1C966DEF-490A-4236-B127-47606868A8A9}.Debug|x86.ActiveCfg = Debug|Win32
		{1C966DEF-490A-4236-B127-47606868A8A9}.Debug|x86.Build.0 = Debug|Win32
		{1C966DEF-490A-4236-B127-47606868A8A9}.Release|x64.ActiveCfg = Release|x64
		{1C966DEF-490A-4236-B127-47606868A8A9}.Release|x64.Build.0 = Release|x64
		{1C966DEF-490A-4236-B127-47606868A8A9}.Release|x86.ActiveCfg = Release|Win32
		{1C966DEF-490A-4236-B127-47606868A8A9}.Release|x86.Build.0 = Release|Win32
	EndGlobalSection
	GlobalSection(SolutionProperties) = preSolution
		HideSolutionNode = FALSE
	EndGlobalSection
	GlobalSection(ExtensibilityGlobals) = postSolution
		SolutionGuid = {E3158886-A9E7-4F7E-8B24-5DB0B12E7A75}
	EndGlobalSection
EndGlobal
